Microsoft Visual Studio Solution File, Format Version 12.00
# Visual Studio Version 17
VisualStudioVersion = 17.5.2.0
MinimumVisualStudioVersion = 10.0.40219.1
Project("{FAE04EC0-301F-11D3-BF4B-00C04F79EFBC}") = "EsportsProfileWebApi.Web", "EsportsProfileWebApi.Web.csproj", "{42986A83-0433-AAA0-364A-3485216DFCD4}"
EndProject
Global
	GlobalSection(SolutionConfigurationPlatforms) = preSolution
		Debug|Any CPU = Debug|Any CPU
		Release|Any CPU = Release|Any CPU
	EndGlobalSection
	GlobalSection(ProjectConfigurationPlatforms) = postSolution
		{42986A83-0433-AAA0-364A-3485216DFCD4}.Debug|Any CPU.ActiveCfg = Debug|Any CPU
		{42986A83-0433-AAA0-364A-3485216DFCD4}.Debug|Any CPU.Build.0 = Debug|Any CPU
		{42986A83-0433-AAA0-364A-3485216DFCD4}.Release|Any CPU.ActiveCfg = Release|Any CPU
		{42986A83-0433-AAA0-364A-3485216DFCD4}.Release|Any CPU.Build.0 = Release|Any CPU
	EndGlobalSection
	GlobalSection(SolutionProperties) = preSolution
		HideSolutionNode = FALSE
	EndGlobalSection
	GlobalSection(ExtensibilityGlobals) = postSolution
		SolutionGuid = {878C09F9-BA29-4487-9606-47E3A6BBD302}
	EndGlobalSection
EndGlobal
